
Microsoft Visual Studio Solution File, Format Version 12.00
# Visual Studio Version 17
VisualStudioVersion = 17.14.36401.2
MinimumVisualStudioVersion = 10.0.40219.1
Project("{FAE04EC0-301F-11D3-BF4B-00C04F79EFBC}") = "WEB API", "Task Manager\WEB API.csproj", "{98C462DF-0CEB-44D8-9337-8D328AA2B17B}"
EndProject
Project("{FAE04EC0-301F-11D3-BF4B-00C04F79EFBC}") = "Infrastracture", "Infrastracture\Infrastracture.csproj", "{5F6C7B1D-1572-44EC-AB22-708DB780B358}"
EndProject
Project("{FAE04EC0-301F-11D3-BF4B-00C04F79EFBC}") = "Domain", "Domain\Domain.csproj", "{AFCFC56E-924B-4558-9EC6-3E3732836674}"
EndProject
Project("{FAE04EC0-301F-11D3-BF4B-00C04F79EFBC}") = "Application", "Application\Application.csproj", "{60137038-81D9-4281-B45E-BBEB01BDD3FA}"
EndProject
Project("{FAE04EC0-301F-11D3-BF4B-00C04F79EFBC}") = "InfrastractureTests", "InfrastractureTests\InfrastractureTests.csproj", "{ABF87F2E-B5B0-4734-99B4-C5D6C37FE5FF}"
EndProject
Project("{FAE04EC0-301F-11D3-BF4B-00C04F79EFBC}") = "ApplicationTests", "ApplicationTests\ApplicationTests.csproj", "{09441FE4-DFDF-4954-8F49-0435B1D9F747}"
EndProject
Project("{E53339B2-1760-4266-BCC7-CA923CBCF16C}") = "docker-compose", "docker-compose.dcproj", "{81DDED9D-158B-E303-5F62-77A2896D2A5A}"
EndProject
Global
	GlobalSection(SolutionConfigurationPlatforms) = preSolution
		Debug|Any CPU = Debug|Any CPU
		Release|Any CPU = Release|Any CPU
	EndGlobalSection
	GlobalSection(ProjectConfigurationPlatforms) = postSolution
		{98C462DF-0CEB-44D8-9337-8D328AA2B17B}.Debug|Any CPU.ActiveCfg = Debug|Any CPU
		{98C462DF-0CEB-44D8-9337-8D328AA2B17B}.Debug|Any CPU.Build.0 = Debug|Any CPU
		{98C462DF-0CEB-44D8-9337-8D328AA2B17B}.Release|Any CPU.ActiveCfg = Release|Any CPU
		{98C462DF-0CEB-44D8-9337-8D328AA2B17B}.Release|Any CPU.Build.0 = Release|Any CPU
		{5F6C7B1D-1572-44EC-AB22-708DB780B358}.Debug|Any CPU.ActiveCfg = Debug|Any CPU
		{5F6C7B1D-1572-44EC-AB22-708DB780B358}.Debug|Any CPU.Build.0 = Debug|Any CPU
		{5F6C7B1D-1572-44EC-AB22-708DB780B358}.Release|Any CPU.ActiveCfg = Release|Any CPU
		{5F6C7B1D-1572-44EC-AB22-708DB780B358}.Release|Any CPU.Build.0 = Release|Any CPU
		{AFCFC56E-924B-4558-9EC6-3E3732836674}.Debug|Any CPU.ActiveCfg = Debug|Any CPU
		{AFCFC56E-924B-4558-9EC6-3E3732836674}.Debug|Any CPU.Build.0 = Debug|Any CPU
		{AFCFC56E-924B-4558-9EC6-3E3732836674}.Release|Any CPU.ActiveCfg = Release|Any CPU
		{AFCFC56E-924B-4558-9EC6-3E3732836674}.Release|Any CPU.Build.0 = Release|Any CPU
		{60137038-81D9-4281-B45E-BBEB01BDD3FA}.Debug|Any CPU.ActiveCfg = Debug|Any CPU
		{60137038-81D9-4281-B45E-BBEB01BDD3FA}.Debug|Any CPU.Build.0 = Debug|Any CPU
		{60137038-81D9-4281-B45E-BBEB01BDD3FA}.Release|Any CPU.ActiveCfg = Release|Any CPU
		{60137038-81D9-4281-B45E-BBEB01BDD3FA}.Release|Any CPU.Build.0 = Release|Any CPU
		{ABF87F2E-B5B0-4734-99B4-C5D6C37FE5FF}.Debug|Any CPU.ActiveCfg = Debug|Any CPU
		{ABF87F2E-B5B0-4734-99B4-C5D6C37FE5FF}.Debug|Any CPU.Build.0 = Debug|Any CPU
		{ABF87F2E-B5B0-4734-99B4-C5D6C37FE5FF}.Release|Any CPU.ActiveCfg = Release|Any CPU
		{ABF87F2E-B5B0-4734-99B4-C5D6C37FE5FF}.Release|Any CPU.Build.0 = Release|Any CPU
		{09441FE4-DFDF-4954-8F49-0435B1D9F747}.Debug|Any CPU.ActiveCfg = Debug|Any CPU
		{09441FE4-DFDF-4954-8F49-0435B1D9F747}.Debug|Any CPU.Build.0 = Debug|Any CPU
		{09441FE4-DFDF-4954-8F49-0435B1D9F747}.Release|Any CPU.ActiveCfg = Release|Any CPU
		{09441FE4-DFDF-4954-8F49-0435B1D9F747}.Release|Any CPU.Build.0 = Release|Any CPU
		{81DDED9D-158B-E303-5F62-77A2896D2A5A}.Debug|Any CPU.ActiveCfg = Debug|Any CPU
		{81DDED9D-158B-E303-5F62-77A2896D2A5A}.Debug|Any CPU.Build.0 = Debug|Any CPU
		{81DDED9D-158B-E303-5F62-77A2896D2A5A}.Release|Any CPU.ActiveCfg = Release|Any CPU
		{81DDED9D-158B-E303-5F62-77A2896D2A5A}.Release|Any CPU.Build.0 = Release|Any CPU
	EndGlobalSection
	GlobalSection(SolutionProperties) = preSolution
		HideSolutionNode = FALSE
	EndGlobalSection
	GlobalSection(ExtensibilityGlobals) = postSolution
		SolutionGuid = {F707EECE-537D-4707-B3FC-435C0BC4B36C}
	EndGlobalSection
EndGlobal
